
Microsoft Visual Studio Solution File, Format Version 12.00
# Visual Studio 15
VisualStudioVersion = 15.0.26430.12
MinimumVisualStudioVersion = 10.0.40219.1
Project("{FAE04EC0-301F-11D3-BF4B-00C04F79EFBC}") = "CreatePDFWPFControl", "CreatePDFWPFControl\CreatePDFWPFControl.csproj", "{B55AF90F-79ED-4A88-8817-60F91991B4D2}"
EndProject
Project("{FAE04EC0-301F-11D3-BF4B-00C04F79EFBC}") = "PdfWithComponent", "PdfWithComponent\PdfWithComponent.csproj", "{1125444A-4CFE-4DFA-8666-B76F676BE180}"
EndProject
Project("{FAE04EC0-301F-11D3-BF4B-00C04F79EFBC}") = "PdfjetDemo", "PdfjetDemo\PdfjetDemo.csproj", "{1625F01D-75A9-41EC-917E-6099ABBFE23C}"
EndProject
Global
	GlobalSection(SolutionConfigurationPlatforms) = preSolution
		Debug|Any CPU = Debug|Any CPU
		Debug|x86 = Debug|x86
		Release|Any CPU = Release|Any CPU
		Release|x86 = Release|x86
	EndGlobalSection
	GlobalSection(ProjectConfigurationPlatforms) = postSolution
		{B55AF90F-79ED-4A88-8817-60F91991B4D2}.Debug|Any CPU.ActiveCfg = Debug|x86
		{B55AF90F-79ED-4A88-8817-60F91991B4D2}.Debug|x86.ActiveCfg = Debug|x86
		{B55AF90F-79ED-4A88-8817-60F91991B4D2}.Debug|x86.Build.0 = Debug|x86
		{B55AF90F-79ED-4A88-8817-60F91991B4D2}.Release|Any CPU.ActiveCfg = Release|x86
		{B55AF90F-79ED-4A88-8817-60F91991B4D2}.Release|x86.ActiveCfg = Release|x86
		{B55AF90F-79ED-4A88-8817-60F91991B4D2}.Release|x86.Build.0 = Release|x86
		{1125444A-4CFE-4DFA-8666-B76F676BE180}.Debug|Any CPU.ActiveCfg = Debug|Any CPU
		{1125444A-4CFE-4DFA-8666-B76F676BE180}.Debug|Any CPU.Build.0 = Debug|Any CPU
		{1125444A-4CFE-4DFA-8666-B76F676BE180}.Debug|x86.ActiveCfg = Debug|Any CPU
		{1125444A-4CFE-4DFA-8666-B76F676BE180}.Debug|x86.Build.0 = Debug|Any CPU
		{1125444A-4CFE-4DFA-8666-B76F676BE180}.Release|Any CPU.ActiveCfg = Release|Any CPU
		{1125444A-4CFE-4DFA-8666-B76F676BE180}.Release|Any CPU.Build.0 = Release|Any CPU
		{1125444A-4CFE-4DFA-8666-B76F676BE180}.Release|x86.ActiveCfg = Release|Any CPU
		{1125444A-4CFE-4DFA-8666-B76F676BE180}.Release|x86.Build.0 = Release|Any CPU
		{1625F01D-75A9-41EC-917E-6099ABBFE23C}.Debug|Any CPU.ActiveCfg = Debug|Any CPU
		{1625F01D-75A9-41EC-917E-6099ABBFE23C}.Debug|Any CPU.Build.0 = Debug|Any CPU
		{1625F01D-75A9-41EC-917E-6099ABBFE23C}.Debug|x86.ActiveCfg = Debug|Any CPU
		{1625F01D-75A9-41EC-917E-6099ABBFE23C}.Debug|x86.Build.0 = Debug|Any CPU
		{1625F01D-75A9-41EC-917E-6099ABBFE23C}.Release|Any CPU.ActiveCfg = Release|Any CPU
		{1625F01D-75A9-41EC-917E-6099ABBFE23C}.Release|Any CPU.Build.0 = Release|Any CPU
		{1625F01D-75A9-41EC-917E-6099ABBFE23C}.Release|x86.ActiveCfg = Release|Any CPU
		{1625F01D-75A9-41EC-917E-6099ABBFE23C}.Release|x86.Build.0 = Release|Any CPU
	EndGlobalSection
	GlobalSection(SolutionProperties) = preSolution
		HideSolutionNode = FALSE
	EndGlobalSection
EndGlobal
